
Microsoft Visual Studio Solution File, Format Version 12.00
# Visual Studio Version 17
VisualStudioVersion = 17.0.32112.339
MinimumVisualStudioVersion = 10.0.40219.1
Project("{9A19103F-16F7-4668-BE54-9A1E7A4F7556}") = "DigitalSolutions.TestApp.WebAPI", "DigitalSolutions.TestApp.WebAPI\DigitalSolutions.TestApp.WebAPI.csproj", "{24B9A37A-E848-45FE-A7F2-6C0116F62EDC}"
EndProject
Project("{9A19103F-16F7-4668-BE54-9A1E7A4F7556}") = "DigitalSolutions.TestApp.WebAPI.DataBase", "DigitalSolutions.TestApp.WebAPI.DataBase\DigitalSolutions.TestApp.WebAPI.DataBase.csproj", "{DDB82742-3AA6-45CA-A826-9BE622ED5B63}"
EndProject
Project("{FAE04EC0-301F-11D3-BF4B-00C04F79EFBC}") = "DigitalSolutions.TestApp.WebAPI.Tests", "DigitalSolutions.TestApp.WebAPI.Tests\DigitalSolutions.TestApp.WebAPI.Tests.csproj", "{6C4706D6-500E-4E1F-9A23-F8925E3C8CF2}"
EndProject
Global
	GlobalSection(SolutionConfigurationPlatforms) = preSolution
		Debug|Any CPU = Debug|Any CPU
		Release|Any CPU = Release|Any CPU
	EndGlobalSection
	GlobalSection(ProjectConfigurationPlatforms) = postSolution
		{24B9A37A-E848-45FE-A7F2-6C0116F62EDC}.Debug|Any CPU.ActiveCfg = Debug|Any CPU
		{24B9A37A-E848-45FE-A7F2-6C0116F62EDC}.Debug|Any CPU.Build.0 = Debug|Any CPU
		{24B9A37A-E848-45FE-A7F2-6C0116F62EDC}.Release|Any CPU.ActiveCfg = Release|Any CPU
		{24B9A37A-E848-45FE-A7F2-6C0116F62EDC}.Release|Any CPU.Build.0 = Release|Any CPU
		{DDB82742-3AA6-45CA-A826-9BE622ED5B63}.Debug|Any CPU.ActiveCfg = Debug|Any CPU
		{DDB82742-3AA6-45CA-A826-9BE622ED5B63}.Debug|Any CPU.Build.0 = Debug|Any CPU
		{DDB82742-3AA6-45CA-A826-9BE622ED5B63}.Release|Any CPU.ActiveCfg = Release|Any CPU
		{DDB82742-3AA6-45CA-A826-9BE622ED5B63}.Release|Any CPU.Build.0 = Release|Any CPU
		{6C4706D6-500E-4E1F-9A23-F8925E3C8CF2}.Debug|Any CPU.ActiveCfg = Debug|Any CPU
		{6C4706D6-500E-4E1F-9A23-F8925E3C8CF2}.Debug|Any CPU.Build.0 = Debug|Any CPU
		{6C4706D6-500E-4E1F-9A23-F8925E3C8CF2}.Release|Any CPU.ActiveCfg = Release|Any CPU
		{6C4706D6-500E-4E1F-9A23-F8925E3C8CF2}.Release|Any CPU.Build.0 = Release|Any CPU
	EndGlobalSection
	GlobalSection(SolutionProperties) = preSolution
		HideSolutionNode = FALSE
	EndGlobalSection
	GlobalSection(ExtensibilityGlobals) = postSolution
		SolutionGuid = {9BEFB71B-7B2F-4D26-8D39-C394124D07DA}
	EndGlobalSection
EndGlobal
